
Microsoft Visual Studio Solution File, Format Version 12.00
# Visual Studio Version 16
VisualStudioVersion = 16.0.31129.286
MinimumVisualStudioVersion = 10.0.40219.1
Project("{8BC9CEB8-8B4A-11D0-8D11-00A0C91BC942}") = "Engine", "Engine\Engine.vcxproj", "{83525033-98A7-443D-800E-433B9F67E153}"
EndProject
Project("{8BC9CEB8-8B4A-11D0-8D11-00A0C91BC942}") = "Executable", "Executable\Executable.vcxproj", "{8ED0896A-9FC0-4474-A60C-FD8816607713}"
	ProjectSection(ProjectDependencies) = postProject
		{83525033-98A7-443D-800E-433B9F67E153} = {83525033-98A7-443D-800E-433B9F67E153}
	EndProjectSection
EndProject
Global
	GlobalSection(SolutionConfigurationPlatforms) = preSolution
		Debug|x64 = Debug|x64
		Debug|x86 = Debug|x86
		Release|x64 = Release|x64
		Release|x86 = Release|x86
	EndGlobalSection
	GlobalSection(ProjectConfigurationPlatforms) = postSolution
		{83525033-98A7-443D-800E-433B9F67E153}.Debug|x64.ActiveCfg = Debug|x64
		{83525033-98A7-443D-800E-433B9F67E153}.Debug|x64.Build.0 = Debug|x64
		{83525033-98A7-443D-800E-433B9F67E153}.Debug|x86.ActiveCfg = Debug|Win32
		{83525033-98A7-443D-800E-433B9F67E153}.Debug|x86.Build.0 = Debug|Win32
		{83525033-98A7-443D-800E-433B9F67E153}.Release|x64.ActiveCfg = Release|x64
		{83525033-98A7-443D-800E-433B9F67E153}.Release|x64.Build.0 = Release|x64
		{83525033-98A7-443D-800E-433B9F67E153}.Release|x86.ActiveCfg = Release|Win32
		{83525033-98A7-443D-800E-433B9F67E153}.Release|x86.Build.0 = Release|Win32
		{8ED0896A-9FC0-4474-A60C-FD8816607713}.Debug|x64.ActiveCfg = Debug|x64
		{8ED0896A-9FC0-4474-A60C-FD8816607713}.Debug|x64.Build.0 = Debug|x64
		{8ED0896A-9FC0-4474-A60C-FD8816607713}.Debug|x86.ActiveCfg = Debug|Win32
		{8ED0896A-9FC0-4474-A60C-FD8816607713}.Debug|x86.Build.0 = Debug|Win32
		{8ED0896A-9FC0-4474-A60C-FD8816607713}.Release|x64.ActiveCfg = Release|x64
		{8ED0896A-9FC0-4474-A60C-FD8816607713}.Release|x64.Build.0 = Release|x64
		{8ED0896A-9FC0-4474-A60C-FD8816607713}.Release|x86.ActiveCfg = Release|Win32
		{8ED0896A-9FC0-4474-A60C-FD8816607713}.Release|x86.Build.0 = Release|Win32
	EndGlobalSection
	GlobalSection(SolutionProperties) = preSolution
		HideSolutionNode = FALSE
	EndGlobalSection
	GlobalSection(ExtensibilityGlobals) = postSolution
		SolutionGuid = {631A9D2D-160F-47F6-AE48-620F516FC1AF}
	EndGlobalSection
EndGlobal
