<?xml version="1.0" encoding="utf-8"?>
<Project ToolsVersion="4.0" xmlns="http://schemas.microsoft.com/developer/msbuild/2003">
  <ItemGroup>
    <Filter Include="Header Files">
      <UniqueIdentifier>{fd15fc1f-fc65-4f12-88f2-3d42cfab3717}</UniqueIdentifier>
    </Filter>
    <Filter Include="Source Files">
      <UniqueIdentifier>{32104def-8d26-4516-b530-43f4fc683878}</UniqueIdentifier>
    </Filter>
    <Filter Include="Graphics">
      <UniqueIdentifier>{8639c954-2541-4738-a429-04a997de481c}</UniqueIdentifier>
    </Filter>
    <Filter Include="Graphics\Graphics_Vulkan">
      <UniqueIdentifier>{be71e263-2509-4061-a854-3f30ab1122ff}</UniqueIdentifier>
    </Filter>
    <Filter Include="Graphics\Graphics_OpenGL">
      <UniqueIdentifier>{93dd6cca-6ef6-4426-a9f1-779ce38ff718}</UniqueIdentifier>
    </Filter>
    <Filter Include="Graphics\Graphics_OpenGL\Shader">
      <UniqueIdentifier>{5d85cf34-6640-41b4-ba96-0c0ee582499c}</UniqueIdentifier>
    </Filter>
    <Filter Include="Graphics\Graphics_OpenGL\Mesh">
      <UniqueIdentifier>{4f2fbaba-202c-4afe-8ada-47463aa0aec4}</UniqueIdentifier>
    </Filter>
    <Filter Include="Graphics\Graphics_OpenGL\Sprite">
      <UniqueIdentifier>{c562dff8-82fa-44d6-b8e9-91a31262f897}</UniqueIdentifier>
    </Filter>
    <Filter Include="Graphics\Graphics_OpenGL\GraphicsCore">
      <UniqueIdentifier>{7f6c1307-74c4-4b44-957e-d4e4b0b7629f}</UniqueIdentifier>
    </Filter>
  </ItemGroup>
  <ItemGroup>
    <ClCompile Include="ComponentManager.cpp">
      <Filter>Source Files</Filter>
    </ClCompile>
    <ClCompile Include="EntityManager.cpp">
      <Filter>Source Files</Filter>
    </ClCompile>
    <ClCompile Include="EngineManager.cpp">
      <Filter>Source Files</Filter>
    </ClCompile>
    <ClCompile Include="Archetype.cpp">
      <Filter>Source Files</Filter>
    </ClCompile>
    <ClCompile Include="Bitset.cpp">
      <Filter>Source Files</Filter>
    </ClCompile>
    <ClCompile Include="EntityHelper.cpp">
      <Filter>Source Files</Filter>
    </ClCompile>
    <ClCompile Include="System.cpp" />
    <ClCompile Include="Query.cpp" />
    <ClCompile Include="Logger.cpp" />
    <ClCompile Include="Graphics\OpenGL\GraphicSystem.cpp">
      <Filter>Graphics\Graphics_OpenGL</Filter>
    </ClCompile>
    <ClCompile Include="Graphics\OpenGL\ShaderReset.cpp">
      <Filter>Graphics\Graphics_OpenGL</Filter>
    </ClCompile>
    <ClCompile Include="Graphics\OpenGL\WinWrapper.cpp">
      <Filter>Graphics\Graphics_OpenGL</Filter>
    </ClCompile>
    <ClCompile Include="Graphics\OpenGL\Shaders\BasicShader.cpp">
      <Filter>Graphics\Graphics_OpenGL\Shader</Filter>
    </ClCompile>
    <ClCompile Include="Graphics\OpenGL\Shaders\ShaderAttachment.cpp">
      <Filter>Graphics\Graphics_OpenGL\Shader</Filter>
    </ClCompile>
    <ClCompile Include="Graphics\OpenGL\Shaders\UniformBuffer.cpp">
      <Filter>Graphics\Graphics_OpenGL\Shader</Filter>
    </ClCompile>
    <ClCompile Include="Graphics\OpenGL\Shaders\ShaderManager.cpp">
      <Filter>Graphics\Graphics_OpenGL\Shader</Filter>
    </ClCompile>
    <ClCompile Include="Graphics\OpenGL\Sprite\Sprite.cpp">
      <Filter>Graphics\Graphics_OpenGL\Sprite</Filter>
    </ClCompile>
    <ClCompile Include="Graphics\OpenGL\Sprite\SpriteHandler.cpp">
      <Filter>Graphics\Graphics_OpenGL\Sprite</Filter>
    </ClCompile>
    <ClCompile Include="Graphics\OpenGL\GraphicsCore\VertexArrayObject.cpp">
      <Filter>Graphics\Graphics_OpenGL\GraphicsCore</Filter>
    </ClCompile>
    <ClCompile Include="Graphics\GraphicsSystem.cpp">
      <Filter>Graphics</Filter>
    </ClCompile>
  </ItemGroup>
  <ItemGroup>
    <ClInclude Include="EntityManager.h">
      <Filter>Header Files</Filter>
    </ClInclude>
    <ClInclude Include="ComponentManager.h">
      <Filter>Header Files</Filter>
    </ClInclude>
    <ClInclude Include="Archetype.h">
      <Filter>Header Files</Filter>
    </ClInclude>
    <ClInclude Include="EngineManager.h">
      <Filter>Header Files</Filter>
    </ClInclude>
    <ClInclude Include="MetaHelpers.h">
      <Filter>Header Files</Filter>
    </ClInclude>
    <ClInclude Include="Entity.h">
      <Filter>Header Files</Filter>
    </ClInclude>
    <ClInclude Include="Bitset.h">
      <Filter>Header Files</Filter>
    </ClInclude>
    <ClInclude Include="EntityHelper.h">
      <Filter>Header Files</Filter>
    </ClInclude>
    <ClInclude Include="System.h">
      <Filter>Header Files</Filter>
    </ClInclude>
    <ClInclude Include="Query.h">
      <Filter>Header Files</Filter>
    </ClInclude>
    <ClInclude Include="func_traits.h" />
    <ClInclude Include="Logger.h" />
    <ClInclude Include="GraphicsSystem.h">
      <Filter>Graphics</Filter>
    </ClInclude>
    <ClInclude Include="Graphics\OpenGL\GraphicSystem.h">
      <Filter>Graphics\Graphics_OpenGL</Filter>
    </ClInclude>
    <ClInclude Include="Graphics\OpenGL\ShaderReset.h">
      <Filter>Graphics\Graphics_OpenGL</Filter>
    </ClInclude>
    <ClInclude Include="Graphics\OpenGL\WinWrapper.h">
      <Filter>Graphics\Graphics_OpenGL</Filter>
    </ClInclude>
    <ClInclude Include="Graphics\OpenGL\Shaders\BasicShader.h">
      <Filter>Graphics\Graphics_OpenGL\Shader</Filter>
    </ClInclude>
    <ClInclude Include="Graphics\OpenGL\Shaders\ShaderAttachment.h">
      <Filter>Graphics\Graphics_OpenGL\Shader</Filter>
    </ClInclude>
    <ClInclude Include="Graphics\OpenGL\Shaders\UniformBuffer.h">
      <Filter>Graphics\Graphics_OpenGL\Shader</Filter>
    </ClInclude>
    <ClInclude Include="Graphics\OpenGL\Mesh\Mesh.h">
      <Filter>Graphics\Graphics_OpenGL\Mesh</Filter>
    </ClInclude>
    <ClInclude Include="Graphics\OpenGL\Sprite\Sprite.h">
      <Filter>Graphics\Graphics_OpenGL\Sprite</Filter>
    </ClInclude>
    <ClInclude Include="Graphics\OpenGL\Sprite\SpriteHandler.h">
      <Filter>Graphics\Graphics_OpenGL\Sprite</Filter>
    </ClInclude>
    <ClInclude Include="Graphics\OpenGL\GraphicsCore\VertexArrayObject.h">
      <Filter>Graphics\Graphics_OpenGL\GraphicsCore</Filter>
    </ClInclude>
  </ItemGroup>
</Project>