<?xml version="1.0" encoding="utf-8"?>
<Project ToolsVersion="4.0" xmlns="http://schemas.microsoft.com/developer/msbuild/2003">
  <ItemGroup>
    <Filter Include="xCore">
      <UniqueIdentifier>{41218a83-5530-4abf-b789-c59fbdf1cac2}</UniqueIdentifier>
    </Filter>
    <Filter Include="xCore\Implementation">
      <UniqueIdentifier>{8a6d7bd0-4113-46d5-a874-93b2e199aa42}</UniqueIdentifier>
    </Filter>
    <Filter Include="Examples">
      <UniqueIdentifier>{0586c922-d08e-4be9-a192-056e12268505}</UniqueIdentifier>
    </Filter>
    <Filter Include="xCore\Dependencies">
      <UniqueIdentifier>{6887ac3f-d42b-40a8-b257-210d22f08628}</UniqueIdentifier>
    </Filter>
    <Filter Include="xCore\Settings">
      <UniqueIdentifier>{bcf07caf-588a-4909-83f0-58195a535c7e}</UniqueIdentifier>
    </Filter>
    <Filter Include="Examples\wip examples">
      <UniqueIdentifier>{ab8b6f6e-2f08-4691-ad08-b61ff1a554cd}</UniqueIdentifier>
    </Filter>
  </ItemGroup>
  <ItemGroup>
    <ClInclude Include="..\..\src\Implementation\xcore_string_inline.h">
      <Filter>xCore\Implementation</Filter>
    </ClInclude>
    <ClInclude Include="..\..\src\Examples\xcore_error_examples.h">
      <Filter>Examples</Filter>
    </ClInclude>
    <ClInclude Include="..\..\src\Examples\xcore_function_examples.h">
      <Filter>Examples</Filter>
    </ClInclude>
    <ClInclude Include="..\..\src\Examples\xcore_guid_examples.h">
      <Filter>Examples</Filter>
    </ClInclude>
    <ClInclude Include="..\..\src\Examples\xcore_log_examples.h">
      <Filter>Examples</Filter>
    </ClInclude>
    <ClInclude Include="..\..\src\Examples\xcore_string_examples.h">
      <Filter>Examples</Filter>
    </ClInclude>
    <ClInclude Include="..\..\src\Examples\xcore_textfile_examples.h">
      <Filter>Examples</Filter>
    </ClInclude>
    <ClInclude Include="..\..\src\Examples\xcore_examples.h">
      <Filter>Examples</Filter>
    </ClInclude>
    <ClInclude Include="..\..\src\Examples\xcore_rtti_examples.h">
      <Filter>Examples</Filter>
    </ClInclude>
    <ClInclude Include="..\..\src\Implementation\xcore_linear_buffers_hardness.h">
      <Filter>xCore\Implementation</Filter>
    </ClInclude>
    <ClInclude Include="..\..\src\Implementation\xcore_vector_inline.h">
      <Filter>xCore\Implementation</Filter>
    </ClInclude>
    <ClInclude Include="..\..\src\Examples\xcore_vector_examples.h">
      <Filter>Examples</Filter>
    </ClInclude>
    <ClInclude Include="..\..\src\Implementation\xcore_textfile2_inline.h">
      <Filter>xCore\Implementation</Filter>
    </ClInclude>
    <ClInclude Include="..\..\dependencies\span\include\tcb\span.hpp">
      <Filter>xCore\Dependencies</Filter>
    </ClInclude>
    <ClInclude Include="..\..\dependencies\meow_hash_cpp\meowhash_cpp\meow_hash.h">
      <Filter>xCore\Dependencies</Filter>
    </ClInclude>
    <ClInclude Include="..\..\dependencies\properties\src\Properties.h">
      <Filter>xCore\Dependencies</Filter>
    </ClInclude>
    <ClInclude Include="..\..\src\Examples\xcore_properties.h">
      <Filter>Examples</Filter>
    </ClInclude>
    <ClInclude Include="..\..\src\Settings\PropertyConfig.h">
      <Filter>xCore\Settings</Filter>
    </ClInclude>
    <ClInclude Include="..\..\src\Examples\xcore_unique_span.h">
      <Filter>Examples</Filter>
    </ClInclude>
    <ClInclude Include="..\..\src\Examples\xcore_lockless_pool_examples.h">
      <Filter>Examples</Filter>
    </ClInclude>
    <ClInclude Include="..\..\src\Implementation\xcore_scheduler_inline.h">
      <Filter>xCore\Implementation</Filter>
    </ClInclude>
    <ClInclude Include="..\..\dependencies\tracy\Tracy.hpp">
      <Filter>xCore\Dependencies</Filter>
    </ClInclude>
    <ClInclude Include="..\..\src\Examples\xcore_scheduler_examples.h">
      <Filter>Examples</Filter>
    </ClInclude>
    <ClInclude Include="..\..\src\Implementation\xcore_math_radian3_inline.h">
      <Filter>xCore\Implementation</Filter>
    </ClInclude>
    <ClInclude Include="..\..\src\Implementation\xcore_math_vector3_inline.h">
      <Filter>xCore\Implementation</Filter>
    </ClInclude>
    <ClInclude Include="..\..\src\Implementation\xcore_math_vector4_inline.h">
      <Filter>xCore\Implementation</Filter>
    </ClInclude>
    <ClInclude Include="..\..\src\Implementation\xcore_math_vector3d_inline.h">
      <Filter>xCore\Implementation</Filter>
    </ClInclude>
    <ClInclude Include="..\..\src\Implementation\xcore_math_quaternion_inline.h">
      <Filter>xCore\Implementation</Filter>
    </ClInclude>
    <ClInclude Include="..\..\src\Implementation\xcore_math_matrix4_inline.h">
      <Filter>xCore\Implementation</Filter>
    </ClInclude>
    <ClInclude Include="..\..\src\Implementation\xcore_math_inline.h">
      <Filter>xCore\Implementation</Filter>
    </ClInclude>
    <ClInclude Include="..\..\src\Implementation\xcore_math_rect_inline.h">
      <Filter>xCore\Implementation</Filter>
    </ClInclude>
    <ClInclude Include="..\..\src\Implementation\xcore_math_bbox_inline.h">
      <Filter>xCore\Implementation</Filter>
    </ClInclude>
    <ClInclude Include="..\..\src\Implementation\xcore_math_plane_inline.h">
      <Filter>xCore\Implementation</Filter>
    </ClInclude>
    <ClInclude Include="..\..\src\Implementation\xcore_math_sphere_inline.h">
      <Filter>xCore\Implementation</Filter>
    </ClInclude>
    <ClInclude Include="..\..\src\Implementation\xcore_math_irect_inline.h">
      <Filter>xCore\Implementation</Filter>
    </ClInclude>
    <ClInclude Include="..\..\src\Examples\xcore_math_vector3d_examples.h">
      <Filter>Examples</Filter>
    </ClInclude>
    <ClInclude Include="..\..\src\Examples\xcore_cmdline_example.h">
      <Filter>Examples</Filter>
    </ClInclude>
    <ClInclude Include="..\..\src\Examples\xcore_lockless_queue.h">
      <Filter>Examples</Filter>
    </ClInclude>
    <ClInclude Include="..\..\src\Implementation\xcore_file_inline.h">
      <Filter>xCore\Implementation</Filter>
    </ClInclude>
    <ClInclude Include="..\..\src\Examples\xcore_file_example.h">
      <Filter>Examples</Filter>
    </ClInclude>
    <ClInclude Include="..\..\src\Implementation\windows\xcore_file_driver_pc.h">
      <Filter>xCore\Implementation</Filter>
    </ClInclude>
    <ClInclude Include="..\..\dependencies\zstd\lib\zstd.h">
      <Filter>xCore\Dependencies</Filter>
    </ClInclude>
    <ClInclude Include="..\..\src\Examples\xcore_compression_examples.h">
      <Filter>Examples</Filter>
    </ClInclude>
    <ClInclude Include="..\..\src\Implementation\xcore_serializer_inline.h">
      <Filter>xCore\Implementation</Filter>
    </ClInclude>
    <ClInclude Include="..\..\src\Examples\xcore_serializer_examples.h">
      <Filter>Examples</Filter>
    </ClInclude>
    <ClInclude Include="..\..\src\xcore.h">
      <Filter>xCore</Filter>
    </ClInclude>
    <ClInclude Include="..\..\src\xcore_arglist.h">
      <Filter>xCore</Filter>
    </ClInclude>
    <ClInclude Include="..\..\src\xcore_array.h">
      <Filter>xCore</Filter>
    </ClInclude>
    <ClInclude Include="..\..\src\xcore_assert.h">
      <Filter>xCore</Filter>
    </ClInclude>
    <ClInclude Include="..\..\src\xcore_bits.h">
      <Filter>xCore</Filter>
    </ClInclude>
    <ClInclude Include="..\..\src\xcore_cmdline.h">
      <Filter>xCore</Filter>
    </ClInclude>
    <ClInclude Include="..\..\src\xcore_compression.h">
      <Filter>xCore</Filter>
    </ClInclude>
    <ClInclude Include="..\..\src\xcore_context.h">
      <Filter>xCore</Filter>
    </ClInclude>
    <ClInclude Include="..\..\src\xcore_crc.h">
      <Filter>xCore</Filter>
    </ClInclude>
    <ClInclude Include="..\..\src\xcore_endian.h">
      <Filter>xCore</Filter>
    </ClInclude>
    <ClInclude Include="..\..\src\xcore_error.h">
      <Filter>xCore</Filter>
    </ClInclude>
    <ClInclude Include="..\..\src\xcore_event.h">
      <Filter>xCore</Filter>
    </ClInclude>
    <ClInclude Include="..\..\src\xcore_file.h">
      <Filter>xCore</Filter>
    </ClInclude>
    <ClInclude Include="..\..\src\xcore_function.h">
      <Filter>xCore</Filter>
    </ClInclude>
    <ClInclude Include="..\..\src\xcore_global.h">
      <Filter>xCore</Filter>
    </ClInclude>
    <ClInclude Include="..\..\src\xcore_guid.h">
      <Filter>xCore</Filter>
    </ClInclude>
    <ClInclude Include="..\..\src\xcore_lock.h">
      <Filter>xCore</Filter>
    </ClInclude>
    <ClInclude Include="..\..\src\xcore_lockless_pool.h">
      <Filter>xCore</Filter>
    </ClInclude>
    <ClInclude Include="..\..\src\xcore_lockless_queues.h">
      <Filter>xCore</Filter>
    </ClInclude>
    <ClInclude Include="..\..\src\xcore_log.h">
      <Filter>xCore</Filter>
    </ClInclude>
    <ClInclude Include="..\..\src\xcore_math.h">
      <Filter>xCore</Filter>
    </ClInclude>
    <ClInclude Include="..\..\src\xcore_math_matrix4.h">
      <Filter>xCore</Filter>
    </ClInclude>
    <ClInclude Include="..\..\src\xcore_math_quaternion.h">
      <Filter>xCore</Filter>
    </ClInclude>
    <ClInclude Include="..\..\src\xcore_math_radian3.h">
      <Filter>xCore</Filter>
    </ClInclude>
    <ClInclude Include="..\..\src\xcore_math_shapes.h">
      <Filter>xCore</Filter>
    </ClInclude>
    <ClInclude Include="..\..\src\xcore_math_transform.h">
      <Filter>xCore</Filter>
    </ClInclude>
    <ClInclude Include="..\..\src\xcore_math_vector2.h">
      <Filter>xCore</Filter>
    </ClInclude>
    <ClInclude Include="..\..\src\xcore_math_vector3.h">
      <Filter>xCore</Filter>
    </ClInclude>
    <ClInclude Include="..\..\src\xcore_math_vector4.h">
      <Filter>xCore</Filter>
    </ClInclude>
    <ClInclude Include="..\..\src\xcore_memory.h">
      <Filter>xCore</Filter>
    </ClInclude>
    <ClInclude Include="..\..\src\xcore_profiler.h">
      <Filter>xCore</Filter>
    </ClInclude>
    <ClInclude Include="..\..\src\xcore_ptr.h">
      <Filter>xCore</Filter>
    </ClInclude>
    <ClInclude Include="..\..\src\xcore_rtti.h">
      <Filter>xCore</Filter>
    </ClInclude>
    <ClInclude Include="..\..\src\xcore_scheduler_channel.h">
      <Filter>xCore</Filter>
    </ClInclude>
    <ClInclude Include="..\..\src\xcore_scheduler_job.h">
      <Filter>xCore</Filter>
    </ClInclude>
    <ClInclude Include="..\..\src\xcore_scheduler_system.h">
      <Filter>xCore</Filter>
    </ClInclude>
    <ClInclude Include="..\..\src\xcore_scheduler_trigger.h">
      <Filter>xCore</Filter>
    </ClInclude>
    <ClInclude Include="..\..\src\xcore_serialicer.h">
      <Filter>xCore</Filter>
    </ClInclude>
    <ClInclude Include="..\..\src\xcore_serializer.h">
      <Filter>xCore</Filter>
    </ClInclude>
    <ClInclude Include="..\..\src\xcore_span.h">
      <Filter>xCore</Filter>
    </ClInclude>
    <ClInclude Include="..\..\src\xcore_string.h">
      <Filter>xCore</Filter>
    </ClInclude>
    <ClInclude Include="..\..\src\xcore_system_reg.h">
      <Filter>xCore</Filter>
    </ClInclude>
    <ClInclude Include="..\..\src\xcore_target.h">
      <Filter>xCore</Filter>
    </ClInclude>
    <ClInclude Include="..\..\src\xcore_textfile.h">
      <Filter>xCore</Filter>
    </ClInclude>
    <ClInclude Include="..\..\src\xcore_textfile2.h">
      <Filter>xCore</Filter>
    </ClInclude>
    <ClInclude Include="..\..\src\xcore_types.h">
      <Filter>xCore</Filter>
    </ClInclude>
    <ClInclude Include="..\..\src\xcore_unique_span.h">
      <Filter>xCore</Filter>
    </ClInclude>
    <ClInclude Include="..\..\src\xcore_units.h">
      <Filter>xCore</Filter>
    </ClInclude>
    <ClInclude Include="..\..\src\xcore_vector.h">
      <Filter>xCore</Filter>
    </ClInclude>
    <ClInclude Include="..\..\src\Examples\helpers.h">
      <Filter>Examples\wip examples</Filter>
    </ClInclude>
    <ClInclude Include="..\..\src\Examples\pool.h">
      <Filter>Examples\wip examples</Filter>
    </ClInclude>
    <ClInclude Include="..\..\src\Examples\cmdPool.h">
      <Filter>Examples\wip examples</Filter>
    </ClInclude>
    <ClInclude Include="..\..\src\Examples\circular_pool.h">
      <Filter>Examples\wip examples</Filter>
    </ClInclude>
    <ClInclude Include="..\..\src\xcore_random.h">
      <Filter>xCore</Filter>
    </ClInclude>
    <ClInclude Include="..\..\src\Implementation\xcore_random_inline.h">
      <Filter>xCore\Implementation</Filter>
    </ClInclude>
    <ClInclude Include="..\..\src\Implementation\xcore_unqiue_span_inline.h">
      <Filter>xCore\Implementation</Filter>
    </ClInclude>
    <ClInclude Include="..\..\src\Settings\xcore_user_settings.h">
      <Filter>xCore\Settings</Filter>
    </ClInclude>
  </ItemGroup>
  <ItemGroup>
    <ClCompile Include="..\..\src\xcore.cpp">
      <Filter>xCore</Filter>
    </ClCompile>
    <ClCompile Include="..\..\src\xcore_profiler_1.cpp">
      <Filter>xCore</Filter>
    </ClCompile>
    <ClCompile Include="..\..\src\xcore_profiler_2.cpp">
      <Filter>xCore</Filter>
    </ClCompile>
    <ClCompile Include="..\..\src\Examples\main.cpp" />
  </ItemGroup>
  <ItemGroup>
    <None Include="..\UpdateDependencies.bat" />
    <None Include="..\..\README.md" />
  </ItemGroup>
</Project>